{
  "requires": true,
  "lockfileVersion": 1,
  "dependencies": {
    "@babel/helper-plugin-utils": {
      "version": "7.16.7",
      "resolved": "https://artifactory.mpi-internal.com/artifactory/api/npm/npm-virtual/@babel/helper-plugin-utils/-/helper-plugin-utils-7.16.7.tgz",
      "integrity": "sha1-qjqKtMPM7/jmXrnnPYfcT/MgsvU="
    },
    "@babel/helper-validator-identifier": {
      "version": "7.16.7",
      "resolved": "https://artifactory.mpi-internal.com/artifactory/api/npm/npm-virtual/@babel/helper-validator-identifier/-/helper-validator-identifier-7.16.7.tgz",
      "integrity": "sha1-6MYCQ4xKgZV1EkPakDHRYH0kfK0="
    },
    "@babel/plugin-syntax-jsx": {
      "version": "7.14.5",
      "resolved": "https://artifactory.mpi-internal.com/artifactory/api/npm/npm-virtual/@babel/plugin-syntax-jsx/-/plugin-syntax-jsx-7.14.5.tgz",
      "integrity": "sha1-AA4uJdhnPM5JMAUXo+2kTCY+QgE=",
      "requires": {
        "@babel/helper-plugin-utils": "^7.14.5"
      }
    },
    "@babel/types": {
      "version": "7.15.0",
      "resolved": "https://artifactory.mpi-internal.com/artifactory/api/npm/npm-virtual/@babel/types/-/types-7.15.0.tgz",
      "integrity": "sha1-Ya8R8ihsTpxpyo3rX0N1pzxy3L0=",
      "requires": {
        "@babel/helper-validator-identifier": "^7.14.9",
        "to-fast-properties": "^2.0.0"
      }
    },
    "@next/env": {
      "version": "12.0.9-canary.0",
      "resolved": "https://artifactory.mpi-internal.com/artifactory/api/npm/npm-virtual/@next/env/-/env-12.0.9-canary.0.tgz",
      "integrity": "sha1-rO+OcAdzVLJu6dkLmk+WW3pZhM8="
    },
    "@next/react-refresh-utils": {
      "version": "12.0.9-canary.0",
      "resolved": "https://artifactory.mpi-internal.com/artifactory/api/npm/npm-virtual/@next/react-refresh-utils/-/react-refresh-utils-12.0.9-canary.0.tgz",
      "integrity": "sha1-FMEguEuNgNwJc/v+0NfnZHXTNsM="
    },
    "@next/swc-android-arm64": {
      "version": "12.0.9-canary.0",
      "resolved": "https://artifactory.mpi-internal.com/artifactory/api/npm/npm-virtual/@next/swc-android-arm64/-/swc-android-arm64-12.0.9-canary.0.tgz",
      "integrity": "sha1-CTrKAmP2Rp4moFNXbxg4O6EguTM=",
      "optional": true
    },
    "@next/swc-darwin-arm64": {
      "version": "12.0.9-canary.0",
      "resolved": "https://artifactory.mpi-internal.com/artifactory/api/npm/npm-virtual/@next/swc-darwin-arm64/-/swc-darwin-arm64-12.0.9-canary.0.tgz",
      "integrity": "sha1-ux70ZMZwyW9mC5eGtL3qC+VUHM4=",
      "optional": true
    },
    "@next/swc-darwin-x64": {
      "version": "12.0.9-canary.0",
      "resolved": "https://artifactory.mpi-internal.com/artifactory/api/npm/npm-virtual/@next/swc-darwin-x64/-/swc-darwin-x64-12.0.9-canary.0.tgz",
      "integrity": "sha1-KAFoYmCpSq8FRazsc8tfnBmzYQU=",
      "optional": true
    },
    "@next/swc-linux-arm-gnueabihf": {
      "version": "12.0.9-canary.0",
      "resolved": "https://artifactory.mpi-internal.com/artifactory/api/npm/npm-virtual/@next/swc-linux-arm-gnueabihf/-/swc-linux-arm-gnueabihf-12.0.9-canary.0.tgz",
      "integrity": "sha1-n3P+SxRPJUYPG3QDzNTfwuA1Ox4=",
      "optional": true
    },
    "@next/swc-linux-arm64-gnu": {
      "version": "12.0.9-canary.0",
      "resolved": "https://artifactory.mpi-internal.com/artifactory/api/npm/npm-virtual/@next/swc-linux-arm64-gnu/-/swc-linux-arm64-gnu-12.0.9-canary.0.tgz",
      "integrity": "sha1-bNL3X23qcegWIO1U7e2LCNeBE6Y=",
      "optional": true
    },
    "@next/swc-linux-arm64-musl": {
      "version": "12.0.9-canary.0",
      "resolved": "https://artifactory.mpi-internal.com/artifactory/api/npm/npm-virtual/@next/swc-linux-arm64-musl/-/swc-linux-arm64-musl-12.0.9-canary.0.tgz",
      "integrity": "sha1-ETIw52V+kLVHGCWnVv8FRCVUJQk=",
      "optional": true
    },
    "@next/swc-linux-x64-gnu": {
      "version": "12.0.9-canary.0",
      "resolved": "https://artifactory.mpi-internal.com/artifactory/api/npm/npm-virtual/@next/swc-linux-x64-gnu/-/swc-linux-x64-gnu-12.0.9-canary.0.tgz",
      "integrity": "sha1-99BG/RSt/gQoIt1ivck/ixG9t7M=",
      "optional": true
    },
    "@next/swc-linux-x64-musl": {
      "version": "12.0.9-canary.0",
      "resolved": "https://artifactory.mpi-internal.com/artifactory/api/npm/npm-virtual/@next/swc-linux-x64-musl/-/swc-linux-x64-musl-12.0.9-canary.0.tgz",
      "integrity": "sha1-81VSiCW+zmGHpxBhTVrGPUH+ldw=",
      "optional": true
    },
    "@next/swc-win32-arm64-msvc": {
      "version": "12.0.9-canary.0",
      "resolved": "https://artifactory.mpi-internal.com/artifactory/api/npm/npm-virtual/@next/swc-win32-arm64-msvc/-/swc-win32-arm64-msvc-12.0.9-canary.0.tgz",
      "integrity": "sha1-DE0mzkMgsjLRTPdo5wzDJTW0YNo=",
      "optional": true
    },
    "@next/swc-win32-ia32-msvc": {
      "version": "12.0.9-canary.0",
      "resolved": "https://artifactory.mpi-internal.com/artifactory/api/npm/npm-virtual/@next/swc-win32-ia32-msvc/-/swc-win32-ia32-msvc-12.0.9-canary.0.tgz",
      "integrity": "sha1-snUdjRCsV+4HKXFvONmYapO6OHE=",
      "optional": true
    },
    "@next/swc-win32-x64-msvc": {
      "version": "12.0.9-canary.0",
      "resolved": "https://artifactory.mpi-internal.com/artifactory/api/npm/npm-virtual/@next/swc-win32-x64-msvc/-/swc-win32-x64-msvc-12.0.9-canary.0.tgz",
      "integrity": "sha1-debea9l4AGRN9UzbxMcV+0F80oA=",
      "optional": true
    },
    "@types/node": {
      "version": "17.0.9",
      "resolved": "https://artifactory.mpi-internal.com/artifactory/api/npm/npm-virtual/@types/node/-/node-17.0.9.tgz",
      "integrity": "sha1-C38WGvtbHMElGNKbLNxxddVJBig="
    },
    "big.js": {
      "version": "5.2.2",
      "resolved": "https://artifactory.mpi-internal.com/artifactory/api/npm/npm-virtual/big.js/-/big.js-5.2.2.tgz",
      "integrity": "sha1-ZfCvOC9Xi83HQr2cKB6cstd2gyg="
    },
    "caniuse-lite": {
      "version": "1.0.30001300",
      "resolved": "https://artifactory.mpi-internal.com/artifactory/api/npm/npm-virtual/caniuse-lite/-/caniuse-lite-1.0.30001300.tgz",
      "integrity": "sha1-EatsV9Prb5ZMupUEAf0AoUZ4ZGg="
    },
    "convert-source-map": {
      "version": "1.7.0",
      "resolved": "https://artifactory.mpi-internal.com/artifactory/api/npm/npm-virtual/convert-source-map/-/convert-source-map-1.7.0.tgz",
      "integrity": "sha1-F6LLiC1/d9NJBYXizmxSRCSjpEI=",
      "requires": {
        "safe-buffer": "~5.1.1"
      },
      "dependencies": {
        "safe-buffer": {
          "version": "5.1.2",
          "resolved": "https://artifactory.mpi-internal.com/artifactory/api/npm/npm-virtual/safe-buffer/-/safe-buffer-5.1.2.tgz",
          "integrity": "sha1-mR7GnSluAxN0fVm9/St0XDX4go0="
        }
      }
    },
    "emojis-list": {
      "version": "2.1.0",
      "resolved": "https://artifactory.mpi-internal.com/artifactory/api/npm/npm-virtual/emojis-list/-/emojis-list-2.1.0.tgz",
      "integrity": "sha1-TapNnbAPmBmIDHn6RXrlsJof04k="
    },
    "has-flag": {
      "version": "4.0.0",
      "resolved": "https://artifactory.mpi-internal.com/artifactory/api/npm/npm-virtual/has-flag/-/has-flag-4.0.0.tgz",
      "integrity": "sha1-lEdx/ZyByBJlxNaUGGDaBrtZR5s="
    },
    "inherits": {
      "version": "2.0.4",
      "resolved": "https://artifactory.mpi-internal.com/artifactory/api/npm/npm-virtual/inherits/-/inherits-2.0.4.tgz",
      "integrity": "sha1-D6LGT5MpF8NDOg3tVTY6rjdBa3w="
    },
    "jest-worker": {
      "version": "27.0.0-next.5",
      "resolved": "https://artifactory.mpi-internal.com/artifactory/api/npm/npm-virtual/jest-worker/-/jest-worker-27.0.0-next.5.tgz",
      "integrity": "sha1-WYXuKbEqThkfSq5LtzuXlx2G7Cg=",
      "requires": {
        "@types/node": "*",
        "merge-stream": "^2.0.0",
        "supports-color": "^8.0.0"
      }
    },
    "js-tokens": {
      "version": "4.0.0",
      "resolved": "https://artifactory.mpi-internal.com/artifactory/api/npm/npm-virtual/js-tokens/-/js-tokens-4.0.0.tgz",
      "integrity": "sha1-GSA/tZmR35jjoocFDUZHzerzJJk="
    },
    "json5": {
      "version": "1.0.1",
      "resolved": "https://artifactory.mpi-internal.com/artifactory/api/npm/npm-virtual/json5/-/json5-1.0.1.tgz",
      "integrity": "sha1-d5+wAYYE+oVOrL9iUhgNg1Q+Pb4=",
      "requires": {
        "minimist": "^1.2.0"
      }
    },
    "loader-utils": {
      "version": "1.2.3",
      "resolved": "https://artifactory.mpi-internal.com/artifactory/api/npm/npm-virtual/loader-utils/-/loader-utils-1.2.3.tgz",
      "integrity": "sha1-H/XcaRHJ8KBiUxpMBLYJQGEIwsc=",
      "requires": {
        "big.js": "^5.2.2",
        "emojis-list": "^2.0.0",
        "json5": "^1.0.1"
      }
    },
    "loose-envify": {
      "version": "1.4.0",
      "resolved": "https://artifactory.mpi-internal.com/artifactory/api/npm/npm-virtual/loose-envify/-/loose-envify-1.4.0.tgz",
      "integrity": "sha1-ce5R+nvkyuwaY4OffmgtgTLTDK8=",
      "requires": {
        "js-tokens": "^3.0.0 || ^4.0.0"
      }
    },
    "merge-stream": {
      "version": "2.0.0",
      "resolved": "https://artifactory.mpi-internal.com/artifactory/api/npm/npm-virtual/merge-stream/-/merge-stream-2.0.0.tgz",
      "integrity": "sha1-UoI2KaFN0AyXcPtq1H3GMQ8sH2A="
    },
    "minimist": {
      "version": "1.2.5",
      "resolved": "https://artifactory.mpi-internal.com/artifactory/api/npm/npm-virtual/minimist/-/minimist-1.2.5.tgz",
      "integrity": "sha1-Z9ZgFLZqaoqqDAg8X9WN9OTpdgI="
    },
    "nanoid": {
      "version": "3.2.0",
      "resolved": "https://artifactory.mpi-internal.com/artifactory/api/npm/npm-virtual/nanoid/-/nanoid-3.2.0.tgz",
      "integrity": "sha1-YmZ1Itpmc5ccypFqbT7/P0Ff+Aw="
    },
    "next": {
      "version": "12.0.9-canary.0",
      "resolved": "https://artifactory.mpi-internal.com/artifactory/api/npm/npm-virtual/next/-/next-12.0.9-canary.0.tgz",
      "integrity": "sha1-LAkY68TXr4V40At35yjgfe+xMec=",
      "requires": {
        "@next/env": "12.0.9-canary.0",
        "@next/react-refresh-utils": "12.0.9-canary.0",
        "@next/swc-android-arm64": "12.0.9-canary.0",
        "@next/swc-darwin-arm64": "12.0.9-canary.0",
        "@next/swc-darwin-x64": "12.0.9-canary.0",
        "@next/swc-linux-arm-gnueabihf": "12.0.9-canary.0",
        "@next/swc-linux-arm64-gnu": "12.0.9-canary.0",
        "@next/swc-linux-arm64-musl": "12.0.9-canary.0",
        "@next/swc-linux-x64-gnu": "12.0.9-canary.0",
        "@next/swc-linux-x64-musl": "12.0.9-canary.0",
        "@next/swc-win32-arm64-msvc": "12.0.9-canary.0",
        "@next/swc-win32-ia32-msvc": "12.0.9-canary.0",
        "@next/swc-win32-x64-msvc": "12.0.9-canary.0",
        "caniuse-lite": "^1.0.30001283",
        "jest-worker": "27.0.0-next.5",
        "node-fetch": "2.6.1",
        "postcss": "8.4.5",
        "react-is": "17.0.2",
        "react-refresh": "0.8.3",
        "stream-browserify": "3.0.0",
        "styled-jsx": "5.0.0-beta.6",
        "use-subscription": "1.5.1"
      }
    },
    "node-fetch": {
      "version": "2.6.1",
      "resolved": "https://artifactory.mpi-internal.com/artifactory/api/npm/npm-virtual/node-fetch/-/node-fetch-2.6.1.tgz",
      "integrity": "sha1-BFvTI2Mfdu0uK1VXM5RBa2OaAFI="
    },
    "object-assign": {
      "version": "4.1.1",
      "resolved": "https://artifactory.mpi-internal.com/artifactory/api/npm/npm-virtual/object-assign/-/object-assign-4.1.1.tgz",
      "integrity": "sha1-IQmtx5ZYh8/AXLvUQsrIv7s2CGM="
    },
    "picocolors": {
      "version": "1.0.0",
      "resolved": "https://artifactory.mpi-internal.com/artifactory/api/npm/npm-virtual/picocolors/-/picocolors-1.0.0.tgz",
      "integrity": "sha1-y1vcdP8/UYkiNur3nWi8RFZKuBw="
    },
    "postcss": {
      "version": "8.4.5",
      "resolved": "https://artifactory.mpi-internal.com/artifactory/api/npm/npm-virtual/postcss/-/postcss-8.4.5.tgz",
      "integrity": "sha1-uuZldk39TG/MJNwP3356oAzHf5U=",
      "requires": {
        "nanoid": "^3.1.30",
        "picocolors": "^1.0.0",
        "source-map-js": "^1.0.1"
      }
    },
    "react": {
      "version": "17.0.2",
      "resolved": "https://artifactory.mpi-internal.com/artifactory/api/npm/npm-virtual/react/-/react-17.0.2.tgz",
      "integrity": "sha1-0LXMUW0p6z7uOD91tihkz7aAADc=",
      "requires": {
        "loose-envify": "^1.1.0",
        "object-assign": "^4.1.1"
      }
    },
    "react-dom": {
      "version": "17.0.2",
      "resolved": "https://artifactory.mpi-internal.com/artifactory/api/npm/npm-virtual/react-dom/-/react-dom-17.0.2.tgz",
      "integrity": "sha1-7P+2hF462Nv83EmPDQqTlzZQLCM=",
      "requires": {
        "loose-envify": "^1.1.0",
        "object-assign": "^4.1.1",
        "scheduler": "^0.20.2"
      }
    },
    "react-is": {
      "version": "17.0.2",
      "resolved": "https://artifactory.mpi-internal.com/artifactory/api/npm/npm-virtual/react-is/-/react-is-17.0.2.tgz",
      "integrity": "sha1-5pHUqOnHiTZWVVOas3J2Kw77VPA="
    },
    "react-refresh": {
      "version": "0.8.3",
      "resolved": "https://artifactory.mpi-internal.com/artifactory/api/npm/npm-virtual/react-refresh/-/react-refresh-0.8.3.tgz",
      "integrity": "sha1-ch1GV2ctQAxePHXQY8SoX7LV1o8="
    },
    "readable-stream": {
      "version": "3.6.0",
      "resolved": "https://artifactory.mpi-internal.com/artifactory/api/npm/npm-virtual/readable-stream/-/readable-stream-3.6.0.tgz",
      "integrity": "sha1-M3u9o63AcGvT4CRCaihtS0sskZg=",
      "requires": {
        "inherits": "^2.0.3",
        "string_decoder": "^1.1.1",
        "util-deprecate": "^1.0.1"
      }
    },
    "safe-buffer": {
      "version": "5.2.1",
      "resolved": "https://artifactory.mpi-internal.com/artifactory/api/npm/npm-virtual/safe-buffer/-/safe-buffer-5.2.1.tgz",
      "integrity": "sha1-Hq+fqb2x/dTsdfWPnNtOa3gn7sY="
    },
    "scheduler": {
      "version": "0.20.2",
      "resolved": "https://artifactory.mpi-internal.com/artifactory/api/npm/npm-virtual/scheduler/-/scheduler-0.20.2.tgz",
      "integrity": "sha1-S67jlDbjSqk7SHS93L8P6Li1DpE=",
      "requires": {
        "loose-envify": "^1.1.0",
        "object-assign": "^4.1.1"
      }
    },
    "source-map": {
      "version": "0.7.3",
      "resolved": "https://artifactory.mpi-internal.com/artifactory/api/npm/npm-virtual/source-map/-/source-map-0.7.3.tgz",
      "integrity": "sha1-UwL4FpAxc1ImVECS5kmB91F1A4M="
    },
    "source-map-js": {
      "version": "1.0.1",
      "resolved": "https://artifactory.mpi-internal.com/artifactory/api/npm/npm-virtual/source-map-js/-/source-map-js-1.0.1.tgz",
      "integrity": "sha1-oXQcEx48d9BIJSrfok4juQhnDK8="
    },
    "stream-browserify": {
      "version": "3.0.0",
      "resolved": "https://artifactory.mpi-internal.com/artifactory/api/npm/npm-virtual/stream-browserify/-/stream-browserify-3.0.0.tgz",
      "integrity": "sha1-IrCihQzfZQPnMIXaH8e30MISLy8=",
      "requires": {
        "inherits": "~2.0.4",
        "readable-stream": "^3.5.0"
      }
    },
    "string-hash": {
      "version": "1.1.3",
      "resolved": "https://artifactory.mpi-internal.com/artifactory/api/npm/npm-virtual/string-hash/-/string-hash-1.1.3.tgz",
      "integrity": "sha1-6Kr8CsGFW0Zmkp7X3RJ1311sgRs="
    },
    "string_decoder": {
      "version": "1.3.0",
      "resolved": "https://artifactory.mpi-internal.com/artifactory/api/npm/npm-virtual/string_decoder/-/string_decoder-1.3.0.tgz",
      "integrity": "sha1-QvEUWUpGzxqOMLCoT1bHjD7awh4=",
      "requires": {
        "safe-buffer": "~5.2.0"
      }
    },
    "styled-jsx": {
      "version": "5.0.0-beta.6",
      "resolved": "https://artifactory.mpi-internal.com/artifactory/api/npm/npm-virtual/styled-jsx/-/styled-jsx-5.0.0-beta.6.tgz",
      "integrity": "sha1-ZmVS+IMaBvgMkISkevxLMrDJ9GE=",
      "requires": {
        "@babel/plugin-syntax-jsx": "7.14.5",
        "@babel/types": "7.15.0",
        "convert-source-map": "1.7.0",
        "loader-utils": "1.2.3",
        "source-map": "0.7.3",
        "string-hash": "1.1.3",
        "stylis": "3.5.4",
        "stylis-rule-sheet": "0.0.10"
      }
    },
    "stylis": {
      "version": "3.5.4",
      "resolved": "https://artifactory.mpi-internal.com/artifactory/api/npm/npm-virtual/stylis/-/stylis-3.5.4.tgz",
      "integrity": "sha1-9mXyX14pnPPWRlSrlJpXx2i3P74="
    },
    "stylis-rule-sheet": {
      "version": "0.0.10",
      "resolved": "https://artifactory.mpi-internal.com/artifactory/api/npm/npm-virtual/stylis-rule-sheet/-/stylis-rule-sheet-0.0.10.tgz",
      "integrity": "sha1-ROZKKwdmQ/S1Ll/3HvwE2MPEpDA="
    },
    "supports-color": {
      "version": "8.1.1",
      "resolved": "https://artifactory.mpi-internal.com/artifactory/api/npm/npm-virtual/supports-color/-/supports-color-8.1.1.tgz",
      "integrity": "sha1-zW/BfihQDP9WwbhsCn/UpUpzAFw=",
      "requires": {
        "has-flag": "^4.0.0"
      }
    },
    "to-fast-properties": {
      "version": "2.0.0",
      "resolved": "https://artifactory.mpi-internal.com/artifactory/api/npm/npm-virtual/to-fast-properties/-/to-fast-properties-2.0.0.tgz",
      "integrity": "sha1-3F5pjL0HkmW8c+A3doGk5Og/YW4="
    },
    "use-subscription": {
      "version": "1.5.1",
      "resolved": "https://artifactory.mpi-internal.com/artifactory/api/npm/npm-virtual/use-subscription/-/use-subscription-1.5.1.tgz",
      "integrity": "sha1-c1ARB/AvrYTG3VeWW+sLdcaMQtE=",
      "requires": {
        "object-assign": "^4.1.1"
      }
    },
    "util-deprecate": {
      "version": "1.0.2",
      "resolved": "https://artifactory.mpi-internal.com/artifactory/api/npm/npm-virtual/util-deprecate/-/util-deprecate-1.0.2.tgz",
      "integrity": "sha1-RQ1Nyfpw3nMnYvvS1KKJgUGaDM8="
    }
  }
}
